{
  "version": 4,
  "terraform_version": "1.1.0",
  "serial": 44,
  "lineage": "a0524766-0ca4-7b24-2ac4-f8bbc6e6940b",
  "outputs": {},
  "resources": [
    {
      "module": "module.codepipeline",
      "mode": "managed",
      "type": "aws_s3_bucket",
      "name": "codepipeline_bucket",
      "provider": "provider[\"registry.terraform.io/hashicorp/aws\"]",
      "instances": [
        {
          "schema_version": 0,
          "attributes": {
            "acceleration_status": "",
            "acl": null,
            "arn": "arn:aws:s3:::felipediasdesouza-devops-tfdevops-dev-codepipeline-bucket",
            "bucket": "felipediasdesouza-devops-tfdevops-dev-codepipeline-bucket",
            "bucket_domain_name": "felipediasdesouza-devops-tfdevops-dev-codepipeline-bucket.s3.amazonaws.com",
            "bucket_prefix": null,
            "bucket_regional_domain_name": "felipediasdesouza-devops-tfdevops-dev-codepipeline-bucket.s3.amazonaws.com",
            "cors_rule": [],
            "force_destroy": false,
            "grant": [
              {
                "id": "2d946d23ea615aea914e61954dbd4726b4b0641bf68ba252ccaed7afebfe967b",
                "permissions": [
                  "FULL_CONTROL"
                ],
                "type": "CanonicalUser",
                "uri": ""
              }
            ],
            "hosted_zone_id": "Z3AQBSTGFYJSTF",
            "id": "felipediasdesouza-devops-tfdevops-dev-codepipeline-bucket",
            "lifecycle_rule": [],
            "logging": [],
            "object_lock_configuration": [],
            "object_lock_enabled": false,
            "policy": "",
            "region": "us-east-1",
            "replication_configuration": [],
            "request_payer": "BucketOwner",
            "server_side_encryption_configuration": [],
            "tags": {},
            "tags_all": {},
            "versioning": [
              {
                "enabled": false,
                "mfa_delete": false
              }
            ],
            "website": [],
            "website_domain": null,
            "website_endpoint": null
          },
          "sensitive_attributes": [],
          "private": "bnVsbA=="
        }
      ]
    }
  ]
}
