{
  "version": 4,
  "terraform_version": "1.1.0",
  "serial": 436,
  "lineage": "fd5f114b-130d-2852-9cfb-0fed22998927",
  "outputs": {
    "bucket_data": {
      "value": {
        "object_uri": "s3://teste-ansible-bucket/image_pipeline/teste.yaml",
        "version": "egD9srHZkwW5S1dZY4hkQv8YwariKX6u"
      },
      "type": [
        "object",
        {
          "object_uri": "string",
          "version": "string"
        }
      ]
    },
    "security_groups": {
      "value": "sg-03f22dce278b6b2d9",
      "type": "string"
    },
    "vpcs": {
      "value": [
        {
          "ip_prefix": "10.0.0.",
          "name": "teste-server",
          "replicas": "1",
          "subnet_id": "subnet-0e21cd855bfffb094",
          "subnet_name": "teste-server-subnet"
        }
      ],
      "type": [
        "tuple",
        [
          [
            "object",
            {
              "ip_prefix": "string",
              "name": "string",
              "replicas": "string",
              "subnet_id": "string",
              "subnet_name": "string"
            }
          ]
        ]
      ]
    }
  },
  "resources": [
    {
      "module": "module.bucket",
      "mode": "managed",
      "type": "aws_s3_bucket",
      "name": "bucket",
      "provider": "provider[\"registry.terraform.io/hashicorp/aws\"]",
      "instances": [
        {
          "schema_version": 0,
          "attributes": {
            "acceleration_status": "",
            "acl": null,
            "arn": "arn:aws:s3:::teste-ansible-bucket",
            "bucket": "teste-ansible-bucket",
            "bucket_domain_name": "teste-ansible-bucket.s3.amazonaws.com",
            "bucket_prefix": null,
            "bucket_regional_domain_name": "teste-ansible-bucket.s3.eu-west-1.amazonaws.com",
            "cors_rule": [],
            "force_destroy": false,
            "grant": [
              {
                "id": "2d946d23ea615aea914e61954dbd4726b4b0641bf68ba252ccaed7afebfe967b",
                "permissions": [
                  "FULL_CONTROL"
                ],
                "type": "CanonicalUser",
                "uri": ""
              }
            ],
            "hosted_zone_id": "Z1BKCTXD74EZPE",
            "id": "teste-ansible-bucket",
            "lifecycle_rule": [],
            "logging": [],
            "object_lock_configuration": [],
            "object_lock_enabled": false,
            "policy": "",
            "region": "eu-west-1",
            "replication_configuration": [],
            "request_payer": "BucketOwner",
            "server_side_encryption_configuration": [],
            "tags": {
              "Environment": "dev",
              "Name": "teste"
            },
            "tags_all": {
              "Environment": "dev",
              "Name": "teste"
            },
            "timeouts": null,
            "versioning": [
              {
                "enabled": false,
                "mfa_delete": false
              }
            ],
            "website": [],
            "website_domain": null,
            "website_endpoint": null
          },
          "sensitive_attributes": [],
          "private": "eyJlMmJmYjczMC1lY2FhLTExZTYtOGY4OC0zNDM2M2JjN2M0YzAiOnsiY3JlYXRlIjoxMjAwMDAwMDAwMDAwLCJkZWxldGUiOjM2MDAwMDAwMDAwMDAsInJlYWQiOjEyMDAwMDAwMDAwMDAsInVwZGF0ZSI6MTIwMDAwMDAwMDAwMH19"
        }
      ]
    },
    {
      "module": "module.bucket",
      "mode": "managed",
      "type": "aws_s3_bucket_acl",
      "name": "permissions",
      "provider": "provider[\"registry.terraform.io/hashicorp/aws\"]",
      "instances": [
        {
          "schema_version": 0,
          "attributes": {
            "access_control_policy": [
              {
                "grant": [
                  {
                    "grantee": [
                      {
                        "display_name": "felipediasdesouza",
                        "email_address": "",
                        "id": "2d946d23ea615aea914e61954dbd4726b4b0641bf68ba252ccaed7afebfe967b",
                        "type": "CanonicalUser",
                        "uri": ""
                      }
                    ],
                    "permission": "FULL_CONTROL"
                  }
                ],
                "owner": [
                  {
                    "display_name": "felipediasdesouza",
                    "id": "2d946d23ea615aea914e61954dbd4726b4b0641bf68ba252ccaed7afebfe967b"
                  }
                ]
              }
            ],
            "acl": "private",
            "bucket": "teste-ansible-bucket",
            "expected_bucket_owner": "",
            "id": "teste-ansible-bucket,private"
          },
          "sensitive_attributes": [],
          "private": "bnVsbA==",
          "dependencies": [
            "module.bucket.aws_s3_bucket.bucket"
          ]
        }
      ]
    },
    {
      "module": "module.bucket",
      "mode": "managed",
      "type": "aws_s3_bucket_versioning",
      "name": "bucket_versioning",
      "provider": "provider[\"registry.terraform.io/hashicorp/aws\"]",
      "instances": [
        {
          "schema_version": 0,
          "attributes": {
            "bucket": "teste-ansible-bucket",
            "expected_bucket_owner": "",
            "id": "teste-ansible-bucket",
            "mfa": null,
            "versioning_configuration": [
              {
                "mfa_delete": "",
                "status": "Enabled"
              }
            ]
          },
          "sensitive_attributes": [],
          "private": "bnVsbA==",
          "dependencies": [
            "module.bucket.aws_s3_bucket.bucket"
          ]
        }
      ]
    },
    {
      "module": "module.bucket",
      "mode": "managed",
      "type": "aws_s3_object",
      "name": "image_pipeline",
      "provider": "provider[\"registry.terraform.io/hashicorp/aws\"]",
      "instances": [
        {
          "schema_version": 0,
          "attributes": {
            "acl": "private",
            "bucket": "teste-ansible-bucket",
            "bucket_key_enabled": false,
            "cache_control": "",
            "content": "name: \"Ansible Playbook Execution on Amazon Linux 2 with app XXX\"\ndescription: \"This is a sample component that demonstrates how to download and execute an Ansible playbook against Amazon Linux 2.\"\nschemaVersion: 1.0\nphases:\n  - name: build\n    steps:\n      - name: InstallAnsible\n        action: ExecuteBash\n        inputs:\n          commands:\n            - sudo amazon-linux-extras install -y ansible2\n      - name: DownloadPlaybook\n        action: S3Download\n        inputs:\n          - source: \"s3://teste-ansible-bucket/ansible-playbooks/*\"\n            destination: \"/tmp/\"\n",
            "content_base64": null,
            "content_disposition": "",
            "content_encoding": "",
            "content_language": "",
            "content_type": "binary/octet-stream",
            "etag": "bf11a087601e859e25c83fe6364f7350",
            "force_destroy": false,
            "id": "image_pipeline/teste.yaml",
            "key": "image_pipeline/teste.yaml",
            "kms_key_id": null,
            "metadata": null,
            "object_lock_legal_hold_status": "",
            "object_lock_mode": "",
            "object_lock_retain_until_date": "",
            "server_side_encryption": "",
            "source": null,
            "source_hash": null,
            "storage_class": "STANDARD",
            "tags": null,
            "tags_all": {},
            "version_id": "egD9srHZkwW5S1dZY4hkQv8YwariKX6u",
            "website_redirect": ""
          },
          "sensitive_attributes": [],
          "private": "bnVsbA==",
          "dependencies": [
            "module.bucket.aws_s3_bucket.bucket",
            "module.bucket.aws_s3_bucket_acl.permissions"
          ]
        }
      ]
    },
    {
      "module": "module.pipeline",
      "mode": "managed",
      "type": "aws_iam_instance_profile",
      "name": "iam_profile",
      "provider": "provider[\"registry.terraform.io/hashicorp/aws\"]",
      "instances": [
        {
          "schema_version": 0,
          "attributes": {
            "arn": "arn:aws:iam::214836720718:instance-profile/teste-iam-profile",
            "create_date": "2022-11-03T11:20:38Z",
            "id": "teste-iam-profile",
            "name": "teste-iam-profile",
            "name_prefix": null,
            "path": "/",
            "role": null,
            "tags": null,
            "tags_all": {},
            "unique_id": "AIPATEBKEGRHH3N7JJAWT"
          },
          "sensitive_attributes": [],
          "private": "bnVsbA=="
        }
      ]
    },
    {
      "module": "module.pipeline",
      "mode": "managed",
      "type": "aws_imagebuilder_component",
      "name": "ibuilder",
      "provider": "provider[\"registry.terraform.io/hashicorp/aws\"]",
      "instances": [
        {
          "schema_version": 0,
          "attributes": {
            "arn": "arn:aws:imagebuilder:eu-west-1:214836720718:component/teste-component/1.0.0/1",
            "change_description": "",
            "data": "name: \"Ansible Playbook Execution on Amazon Linux 2 with app XXX\"\ndescription: \"This is a sample component that demonstrates how to download and execute an Ansible playbook against Amazon Linux 2.\"\nschemaVersion: 1.0\nphases:\n  - name: build\n    steps:\n      - name: InstallAnsible\n        action: ExecuteBash\n        inputs:\n          commands:\n            - sudo amazon-linux-extras install -y ansible2\n      - name: DownloadPlaybook\n        action: S3Download\n        inputs:\n          - source: \"s3://teste-ansible-bucket/ansible-playbooks/*\"\n            destination: \"/tmp/\"\n",
            "date_created": "2022-11-03T11:20:46.708Z",
            "description": "",
            "encrypted": true,
            "id": "arn:aws:imagebuilder:eu-west-1:214836720718:component/teste-component/1.0.0/1",
            "kms_key_id": "",
            "name": "teste-component",
            "owner": "214836720718",
            "platform": "Linux",
            "supported_os_versions": null,
            "tags": null,
            "tags_all": {},
            "type": "BUILD",
            "uri": "s3://teste-ansible-bucket/image_pipeline/teste.yaml",
            "version": "1.0.0"
          },
          "sensitive_attributes": [],
          "private": "bnVsbA==",
          "dependencies": [
            "module.bucket.aws_s3_bucket.bucket",
            "module.bucket.aws_s3_bucket_acl.permissions",
            "module.bucket.aws_s3_object.image_pipeline"
          ]
        }
      ]
    },
    {
      "module": "module.pipeline",
      "mode": "managed",
      "type": "aws_imagebuilder_image_pipeline",
      "name": "pipeline",
      "provider": "provider[\"registry.terraform.io/hashicorp/aws\"]",
      "instances": [
        {
          "schema_version": 0,
          "attributes": {
            "arn": "arn:aws:imagebuilder:eu-west-1:214836720718:image-pipeline/teste-pipeline-image-builder",
            "container_recipe_arn": "",
            "date_created": "2022-11-03T11:21:06.777Z",
            "date_last_run": "",
            "date_next_run": "",
            "date_updated": "2022-11-03T11:21:06.777Z",
            "description": "",
            "distribution_configuration_arn": "",
            "enhanced_image_metadata_enabled": true,
            "id": "arn:aws:imagebuilder:eu-west-1:214836720718:image-pipeline/teste-pipeline-image-builder",
            "image_recipe_arn": "arn:aws:imagebuilder:eu-west-1:214836720718:image-recipe/teste-recipe/1.0.0",
            "image_tests_configuration": [
              {
                "image_tests_enabled": true,
                "timeout_minutes": 720
              }
            ],
            "infrastructure_configuration_arn": "arn:aws:imagebuilder:eu-west-1:214836720718:infrastructure-configuration/teste-infra-config",
            "name": "teste-pipeline-image-builder",
            "platform": "Linux",
            "schedule": [],
            "status": "ENABLED",
            "tags": {
              "Name": "teste-pipeline-image-builder"
            },
            "tags_all": {
              "Name": "teste-pipeline-image-builder"
            }
          },
          "sensitive_attributes": [],
          "private": "bnVsbA==",
          "dependencies": [
            "module.bucket.aws_s3_bucket.bucket",
            "module.bucket.aws_s3_bucket_acl.permissions",
            "module.bucket.aws_s3_object.image_pipeline",
            "module.pipeline.aws_iam_instance_profile.iam_profile",
            "module.pipeline.aws_imagebuilder_component.ibuilder",
            "module.pipeline.aws_imagebuilder_image_recipe.irecipe",
            "module.pipeline.aws_imagebuilder_infrastructure_configuration.infra_image",
            "module.pipeline.aws_key_pair.ssh_keypar",
            "module.vpc.aws_security_group.allow_http",
            "module.vpc.aws_subnet.subnets",
            "module.vpc.aws_vpc.main_network"
          ]
        }
      ]
    },
    {
      "module": "module.pipeline",
      "mode": "managed",
      "type": "aws_imagebuilder_image_recipe",
      "name": "irecipe",
      "provider": "provider[\"registry.terraform.io/hashicorp/aws\"]",
      "instances": [
        {
          "schema_version": 0,
          "attributes": {
            "arn": "arn:aws:imagebuilder:eu-west-1:214836720718:image-recipe/teste-recipe/1.0.0",
            "block_device_mapping": [
              {
                "device_name": "/dev/xvdb",
                "ebs": [
                  {
                    "delete_on_termination": "true",
                    "encrypted": "",
                    "iops": null,
                    "kms_key_id": "",
                    "snapshot_id": "",
                    "throughput": null,
                    "volume_size": 30,
                    "volume_type": "gp2"
                  }
                ],
                "no_device": null,
                "virtual_name": ""
              }
            ],
            "component": [
              {
                "component_arn": "arn:aws:imagebuilder:eu-west-1:214836720718:component/teste-component/1.0.0/1",
                "parameter": []
              }
            ],
            "date_created": "2022-11-03T11:20:48.634Z",
            "description": "",
            "id": "arn:aws:imagebuilder:eu-west-1:214836720718:image-recipe/teste-recipe/1.0.0",
            "name": "teste-recipe",
            "owner": "214836720718",
            "parent_image": "arn:aws:imagebuilder:eu-west-1:aws:image/amazon-linux-2-x86/x.x.x",
            "platform": "Linux",
            "systems_manager_agent": null,
            "tags": null,
            "tags_all": {},
            "user_data_base64": null,
            "version": "1.0.0",
            "working_directory": ""
          },
          "sensitive_attributes": [],
          "private": "bnVsbA==",
          "dependencies": [
            "module.bucket.aws_s3_bucket.bucket",
            "module.bucket.aws_s3_bucket_acl.permissions",
            "module.bucket.aws_s3_object.image_pipeline",
            "module.pipeline.aws_imagebuilder_component.ibuilder"
          ]
        }
      ]
    },
    {
      "module": "module.pipeline",
      "mode": "managed",
      "type": "aws_imagebuilder_infrastructure_configuration",
      "name": "infra_image",
      "provider": "provider[\"registry.terraform.io/hashicorp/aws\"]",
      "instances": [
        {
          "schema_version": 0,
          "attributes": {
            "arn": "arn:aws:imagebuilder:eu-west-1:214836720718:infrastructure-configuration/teste-infra-config",
            "date_created": "2022-11-03T11:21:04.585Z",
            "date_updated": "",
            "description": "Generated infrastructure configuration for teste app",
            "id": "arn:aws:imagebuilder:eu-west-1:214836720718:infrastructure-configuration/teste-infra-config",
            "instance_metadata_options": [],
            "instance_profile_name": "teste-iam-profile",
            "instance_types": [
              "t3.micro"
            ],
            "key_pair": "teste-ssh-key",
            "logging": [
              {
                "s3_logs": [
                  {
                    "s3_bucket_name": "teste-ansible-bucket",
                    "s3_key_prefix": "pipeline-logs"
                  }
                ]
              }
            ],
            "name": "teste-infra-config",
            "resource_tags": null,
            "security_group_ids": [
              "sg-03f22dce278b6b2d9"
            ],
            "sns_topic_arn": "",
            "subnet_id": "subnet-0e21cd855bfffb094",
            "tags": {
              "Name": "teste-infra-config"
            },
            "tags_all": {
              "Name": "teste-infra-config"
            },
            "terminate_instance_on_failure": true
          },
          "sensitive_attributes": [],
          "private": "bnVsbA==",
          "dependencies": [
            "module.bucket.aws_s3_bucket.bucket",
            "module.bucket.aws_s3_bucket_acl.permissions",
            "module.bucket.aws_s3_object.image_pipeline",
            "module.pipeline.aws_iam_instance_profile.iam_profile",
            "module.pipeline.aws_key_pair.ssh_keypar",
            "module.vpc.aws_security_group.allow_http",
            "module.vpc.aws_subnet.subnets",
            "module.vpc.aws_vpc.main_network"
          ]
        }
      ]
    },
    {
      "module": "module.pipeline",
      "mode": "managed",
      "type": "aws_key_pair",
      "name": "ssh_keypar",
      "provider": "provider[\"registry.terraform.io/hashicorp/aws\"]",
      "instances": [
        {
          "schema_version": 1,
          "attributes": {
            "arn": "arn:aws:ec2:eu-west-1:214836720718:key-pair/teste-ssh-key",
            "fingerprint": "cb:2e:34:9b:72:75:9f:6a:df:f4:88:54:c8:a1:b0:58",
            "id": "teste-ssh-key",
            "key_name": "teste-ssh-key",
            "key_name_prefix": "",
            "key_pair_id": "key-00aae71a1423ae11d",
            "key_type": "rsa",
            "public_key": "ssh-rsa AAAAB3NzaC1yc2EAAAADAQABAAACAQCyAfFDO2IkDAj1ZKjP91cv5f/frGJf72nVkJM+NFImBn4HX9lA1TDEgeutH41i69SVTJFxvJyZkYFOzxvB2Eb29dqtqUWWi0qZ5DRSia3ronkw+AJbfyHrCSzpxgkYQWnRicajx1wrcJ9U26OmWqeUTtDZugyjoZ/UxsEM2gQ5fa2IDjiOwTcQB5XhOu/huvCFYzHZv28Zdodj4UhQlrHFvW21m8xYxq7sI/KLxg+65YxV1vwCMDUsAxmIP2iPhwkj4kCbVqXoSNPc/WhdO5BLBhTVTfce081OtHd469gYlx7Pww25fz41qoo63+ch/EDmM4jMEpeCxtjzFo9IExIOuHdCr/hzfX4sMa0u+OswoXYBRxZTGvl9PSUSrRw9G0fKwpnudGIgKccXY31CXdV442qFf9NgFt8RGCylM2/kgDd+1KwwZAEaSADHBmHthdlMuec4QUgroqbfMahopLniAAfMVhItF1GF+i8+tD2vYNslhXhx2WR4+FDkYCZzEoyH6JzPffSmlnk9/FT4sXNlaNYb82aZsPU9y00/Gl2SizCeQHk1qaeGnWw7Bm95lt+LUqirUY1cskPsHhbgojBSfwfNpc0CRiBUPeutA0hAnqB/xnRbkSlFvfQr/biRHCT/6gJBS1CaUXry2BkeSneZJ/DcHltgE6rhZN1/fd/qdw== felipe@felipe-Inspiron-3501",
            "tags": null,
            "tags_all": {}
          },
          "sensitive_attributes": [],
          "private": "eyJzY2hlbWFfdmVyc2lvbiI6IjEifQ=="
        }
      ]
    },
    {
      "module": "module.vpc",
      "mode": "managed",
      "type": "aws_internet_gateway",
      "name": "igateway",
      "provider": "provider[\"registry.terraform.io/hashicorp/aws\"]",
      "instances": [
        {
          "schema_version": 0,
          "attributes": {
            "arn": "arn:aws:ec2:eu-west-1:214836720718:internet-gateway/igw-0b66d83ce57c92f33",
            "id": "igw-0b66d83ce57c92f33",
            "owner_id": "214836720718",
            "tags": null,
            "tags_all": {},
            "timeouts": null,
            "vpc_id": "vpc-0d0af79fa3847c61d"
          },
          "sensitive_attributes": [],
          "private": "eyJlMmJmYjczMC1lY2FhLTExZTYtOGY4OC0zNDM2M2JjN2M0YzAiOnsiY3JlYXRlIjoxMjAwMDAwMDAwMDAwLCJkZWxldGUiOjEyMDAwMDAwMDAwMDAsInVwZGF0ZSI6MTIwMDAwMDAwMDAwMH19",
          "dependencies": [
            "module.vpc.aws_vpc.main_network"
          ]
        }
      ]
    },
    {
      "module": "module.vpc",
      "mode": "managed",
      "type": "aws_security_group",
      "name": "allow_http",
      "provider": "provider[\"registry.terraform.io/hashicorp/aws\"]",
      "instances": [
        {
          "schema_version": 1,
          "attributes": {
            "arn": "arn:aws:ec2:eu-west-1:214836720718:security-group/sg-03f22dce278b6b2d9",
            "description": "Allow connections by 80",
            "egress": [
              {
                "cidr_blocks": [
                  "0.0.0.0/0"
                ],
                "description": "",
                "from_port": 0,
                "ipv6_cidr_blocks": [
                  "::/0"
                ],
                "prefix_list_ids": [],
                "protocol": "-1",
                "security_groups": [],
                "self": false,
                "to_port": 0
              }
            ],
            "id": "sg-03f22dce278b6b2d9",
            "ingress": [
              {
                "cidr_blocks": [
                  "10.0.0.0/16"
                ],
                "description": "HTTP from anywhere",
                "from_port": 80,
                "ipv6_cidr_blocks": [],
                "prefix_list_ids": [],
                "protocol": "-1",
                "security_groups": [],
                "self": false,
                "to_port": 80
              }
            ],
            "name": "teste-vpc-allow-http",
            "name_prefix": "",
            "owner_id": "214836720718",
            "revoke_rules_on_delete": false,
            "tags": {
              "Name": "allow_http"
            },
            "tags_all": {
              "Name": "allow_http"
            },
            "timeouts": null,
            "vpc_id": "vpc-0d0af79fa3847c61d"
          },
          "sensitive_attributes": [],
          "private": "eyJlMmJmYjczMC1lY2FhLTExZTYtOGY4OC0zNDM2M2JjN2M0YzAiOnsiY3JlYXRlIjo2MDAwMDAwMDAwMDAsImRlbGV0ZSI6OTAwMDAwMDAwMDAwfSwic2NoZW1hX3ZlcnNpb24iOiIxIn0=",
          "dependencies": [
            "module.vpc.aws_vpc.main_network"
          ]
        }
      ]
    },
    {
      "module": "module.vpc",
      "mode": "managed",
      "type": "aws_security_group",
      "name": "allow_https",
      "provider": "provider[\"registry.terraform.io/hashicorp/aws\"]",
      "instances": [
        {
          "schema_version": 1,
          "attributes": {
            "arn": "arn:aws:ec2:eu-west-1:214836720718:security-group/sg-038fd4bfc69a532b2",
            "description": "Allow connections by 443",
            "egress": [
              {
                "cidr_blocks": [
                  "0.0.0.0/0"
                ],
                "description": "",
                "from_port": 0,
                "ipv6_cidr_blocks": [
                  "::/0"
                ],
                "prefix_list_ids": [],
                "protocol": "-1",
                "security_groups": [],
                "self": false,
                "to_port": 0
              }
            ],
            "id": "sg-038fd4bfc69a532b2",
            "ingress": [
              {
                "cidr_blocks": [
                  "10.0.0.0/16"
                ],
                "description": "HTTPS from anywhere",
                "from_port": 443,
                "ipv6_cidr_blocks": [],
                "prefix_list_ids": [],
                "protocol": "-1",
                "security_groups": [],
                "self": false,
                "to_port": 443
              }
            ],
            "name": "teste-vpc-allow-https",
            "name_prefix": "",
            "owner_id": "214836720718",
            "revoke_rules_on_delete": false,
            "tags": {
              "Name": "allow_https"
            },
            "tags_all": {
              "Name": "allow_https"
            },
            "timeouts": null,
            "vpc_id": "vpc-0d0af79fa3847c61d"
          },
          "sensitive_attributes": [],
          "private": "eyJlMmJmYjczMC1lY2FhLTExZTYtOGY4OC0zNDM2M2JjN2M0YzAiOnsiY3JlYXRlIjo2MDAwMDAwMDAwMDAsImRlbGV0ZSI6OTAwMDAwMDAwMDAwfSwic2NoZW1hX3ZlcnNpb24iOiIxIn0=",
          "dependencies": [
            "module.vpc.aws_vpc.main_network"
          ]
        }
      ]
    },
    {
      "module": "module.vpc",
      "mode": "managed",
      "type": "aws_security_group",
      "name": "allow_ssh",
      "provider": "provider[\"registry.terraform.io/hashicorp/aws\"]",
      "instances": [
        {
          "schema_version": 1,
          "attributes": {
            "arn": "arn:aws:ec2:eu-west-1:214836720718:security-group/sg-006e8eaedca5a85cc",
            "description": "Allow connections by 22.",
            "egress": [
              {
                "cidr_blocks": [
                  "0.0.0.0/0"
                ],
                "description": "",
                "from_port": 0,
                "ipv6_cidr_blocks": [
                  "::/0"
                ],
                "prefix_list_ids": [],
                "protocol": "-1",
                "security_groups": [],
                "self": false,
                "to_port": 0
              }
            ],
            "id": "sg-006e8eaedca5a85cc",
            "ingress": [
              {
                "cidr_blocks": [
                  "10.0.0.0/16"
                ],
                "description": "SSH from anywhere",
                "from_port": 22,
                "ipv6_cidr_blocks": [],
                "prefix_list_ids": [],
                "protocol": "-1",
                "security_groups": [],
                "self": false,
                "to_port": 22
              }
            ],
            "name": "teste-vpc-allow-ssh",
            "name_prefix": "",
            "owner_id": "214836720718",
            "revoke_rules_on_delete": false,
            "tags": {
              "Name": "allow_ssh"
            },
            "tags_all": {
              "Name": "allow_ssh"
            },
            "timeouts": null,
            "vpc_id": "vpc-0d0af79fa3847c61d"
          },
          "sensitive_attributes": [],
          "private": "eyJlMmJmYjczMC1lY2FhLTExZTYtOGY4OC0zNDM2M2JjN2M0YzAiOnsiY3JlYXRlIjo2MDAwMDAwMDAwMDAsImRlbGV0ZSI6OTAwMDAwMDAwMDAwfSwic2NoZW1hX3ZlcnNpb24iOiIxIn0=",
          "dependencies": [
            "module.vpc.aws_vpc.main_network"
          ]
        }
      ]
    },
    {
      "module": "module.vpc",
      "mode": "managed",
      "type": "aws_subnet",
      "name": "subnets",
      "provider": "provider[\"registry.terraform.io/hashicorp/aws\"]",
      "instances": [
        {
          "index_key": 0,
          "schema_version": 1,
          "attributes": {
            "arn": "arn:aws:ec2:eu-west-1:214836720718:subnet/subnet-0e21cd855bfffb094",
            "assign_ipv6_address_on_creation": false,
            "availability_zone": "eu-west-1a",
            "availability_zone_id": "euw1-az2",
            "cidr_block": "10.0.0.0/16",
            "customer_owned_ipv4_pool": "",
            "enable_dns64": false,
            "enable_resource_name_dns_a_record_on_launch": false,
            "enable_resource_name_dns_aaaa_record_on_launch": false,
            "id": "subnet-0e21cd855bfffb094",
            "ipv6_cidr_block": "",
            "ipv6_cidr_block_association_id": "",
            "ipv6_native": false,
            "map_customer_owned_ip_on_launch": false,
            "map_public_ip_on_launch": true,
            "outpost_arn": "",
            "owner_id": "214836720718",
            "private_dns_hostname_type_on_launch": "ip-name",
            "tags": {
              "Name": "teste-server-subnet",
              "Replicas": "1",
              "Server": "teste-server",
              "Stack": "dev",
              "Vpc": "vpc-0d0af79fa3847c61d"
            },
            "tags_all": {
              "Name": "teste-server-subnet",
              "Replicas": "1",
              "Server": "teste-server",
              "Stack": "dev",
              "Vpc": "vpc-0d0af79fa3847c61d"
            },
            "timeouts": null,
            "vpc_id": "vpc-0d0af79fa3847c61d"
          },
          "sensitive_attributes": [],
          "private": "eyJlMmJmYjczMC1lY2FhLTExZTYtOGY4OC0zNDM2M2JjN2M0YzAiOnsiY3JlYXRlIjo2MDAwMDAwMDAwMDAsImRlbGV0ZSI6MTIwMDAwMDAwMDAwMH0sInNjaGVtYV92ZXJzaW9uIjoiMSJ9",
          "dependencies": [
            "module.vpc.aws_vpc.main_network"
          ]
        }
      ]
    },
    {
      "module": "module.vpc",
      "mode": "managed",
      "type": "aws_vpc",
      "name": "main_network",
      "provider": "provider[\"registry.terraform.io/hashicorp/aws\"]",
      "instances": [
        {
          "schema_version": 1,
          "attributes": {
            "arn": "arn:aws:ec2:eu-west-1:214836720718:vpc/vpc-0d0af79fa3847c61d",
            "assign_generated_ipv6_cidr_block": false,
            "cidr_block": "10.0.0.0/16",
            "default_network_acl_id": "acl-01cfb34f005daaf04",
            "default_route_table_id": "rtb-098bca93ebdbd1c32",
            "default_security_group_id": "sg-073b99f606c73a1eb",
            "dhcp_options_id": "dopt-00cbe263477d66473",
            "enable_classiclink": false,
            "enable_classiclink_dns_support": false,
            "enable_dns_hostnames": true,
            "enable_dns_support": true,
            "enable_network_address_usage_metrics": false,
            "id": "vpc-0d0af79fa3847c61d",
            "instance_tenancy": "default",
            "ipv4_ipam_pool_id": null,
            "ipv4_netmask_length": null,
            "ipv6_association_id": "",
            "ipv6_cidr_block": "",
            "ipv6_cidr_block_network_border_group": "",
            "ipv6_ipam_pool_id": "",
            "ipv6_netmask_length": 0,
            "main_route_table_id": "rtb-098bca93ebdbd1c32",
            "owner_id": "214836720718",
            "tags": {
              "Name": "teste-vpc",
              "Stack": "dev"
            },
            "tags_all": {
              "Name": "teste-vpc",
              "Stack": "dev"
            }
          },
          "sensitive_attributes": [],
          "private": "eyJzY2hlbWFfdmVyc2lvbiI6IjEifQ=="
        }
      ]
    }
  ]
}
